// !$*UTF8*$!
{
	archiveVersion = 1;
	classes = {
	};
	objectVersion = 56;
	objects = {

/* Begin PBXBuildFile section */
		B438AD232A9F924500616CDB /* WhatsNew in Frameworks */ = {isa = PBXBuildFile; productRef = B438AD222A9F924500616CDB /* WhatsNew */; };
		B47093B92A9F014600D89804 /* AppDelegate.swift in Sources */ = {isa = PBXBuildFile; fileRef = B47093B82A9F014600D89804 /* AppDelegate.swift */; };
		B47093BB2A9F014600D89804 /* SceneDelegate.swift in Sources */ = {isa = PBXBuildFile; fileRef = B47093BA2A9F014600D89804 /* SceneDelegate.swift */; };
		B47093BD2A9F014600D89804 /* NFGroupsViewController.swift in Sources */ = {isa = PBXBuildFile; fileRef = B47093BC2A9F014600D89804 /* NFGroupsViewController.swift */; };
		B47093C22A9F014700D89804 /* Assets.xcassets in Resources */ = {isa = PBXBuildFile; fileRef = B47093C12A9F014700D89804 /* Assets.xcassets */; };
		B47093C52A9F014700D89804 /* LaunchScreen.storyboard in Resources */ = {isa = PBXBuildFile; fileRef = B47093C32A9F014700D89804 /* LaunchScreen.storyboard */; };
		B47093CD2A9F02EE00D89804 /* NFGroupDetailViewController.swift in Sources */ = {isa = PBXBuildFile; fileRef = B47093CC2A9F02EE00D89804 /* NFGroupDetailViewController.swift */; };
		B47093D42A9F035A00D89804 /* NFGroup.swift in Sources */ = {isa = PBXBuildFile; fileRef = B47093D32A9F035A00D89804 /* NFGroup.swift */; };
		B47093D82A9F086D00D89804 /* UIView+Extension.swift in Sources */ = {isa = PBXBuildFile; fileRef = B47093D72A9F086D00D89804 /* UIView+Extension.swift */; };
		B47093DA2A9F09E600D89804 /* NFGroupDetailHeaderView.swift in Sources */ = {isa = PBXBuildFile; fileRef = B47093D92A9F09E600D89804 /* NFGroupDetailHeaderView.swift */; };
		B47093DC2A9F20FA00D89804 /* NFTextTableViewCell.swift in Sources */ = {isa = PBXBuildFile; fileRef = B47093DB2A9F20FA00D89804 /* NFTextTableViewCell.swift */; };
		B47093DE2A9F3C3300D89804 /* UITextView+Extension.swift in Sources */ = {isa = PBXBuildFile; fileRef = B47093DD2A9F3C3300D89804 /* UITextView+Extension.swift */; };
		B47093E02A9F3C4100D89804 /* String+Extension.swift in Sources */ = {isa = PBXBuildFile; fileRef = B47093DF2A9F3C4100D89804 /* String+Extension.swift */; };
		B47093E32A9F3CC600D89804 /* NotifyDB.xcdatamodeld in Sources */ = {isa = PBXBuildFile; fileRef = B47093E12A9F3CC600D89804 /* NotifyDB.xcdatamodeld */; };
		B47093E52A9F3F4000D89804 /* NFCoreDataService.swift in Sources */ = {isa = PBXBuildFile; fileRef = B47093E42A9F3F4000D89804 /* NFCoreDataService.swift */; };
		B4990EA52AAF409D00FC8088 /* NFMessageViewController.swift in Sources */ = {isa = PBXBuildFile; fileRef = B4990EA42AAF409D00FC8088 /* NFMessageViewController.swift */; };
		B4C5AE082AA79E4B00711C9F /* Intents.framework in Frameworks */ = {isa = PBXBuildFile; fileRef = B4C5AE072AA79E4B00711C9F /* Intents.framework */; };
		B4C5AE0B2AA79E4B00711C9F /* IntentHandler.swift in Sources */ = {isa = PBXBuildFile; fileRef = B4C5AE0A2AA79E4B00711C9F /* IntentHandler.swift */; };
		B4C5AE0F2AA79E4B00711C9F /* RandomQuoteIntent.appex in Embed Foundation Extensions */ = {isa = PBXBuildFile; fileRef = B4C5AE052AA79E4B00711C9F /* RandomQuoteIntent.appex */; settings = {ATTRIBUTES = (RemoveHeadersOnCopy, ); }; };
		B4C5AE152AA79E5700711C9F /* Intents.intentdefinition in Sources */ = {isa = PBXBuildFile; fileRef = B4C5AE142AA79E5700711C9F /* Intents.intentdefinition */; };
		B4C5AE162AA79E5B00711C9F /* Intents.intentdefinition in Sources */ = {isa = PBXBuildFile; fileRef = B4C5AE142AA79E5700711C9F /* Intents.intentdefinition */; };
		B4C5AE182AA79EC000711C9F /* RandomQuoteIntentHandler.swift in Sources */ = {isa = PBXBuildFile; fileRef = B4C5AE172AA79EC000711C9F /* RandomQuoteIntentHandler.swift */; };
		B4C5AE192AA7A00E00711C9F /* NFCoreDataService.swift in Sources */ = {isa = PBXBuildFile; fileRef = B47093E42A9F3F4000D89804 /* NFCoreDataService.swift */; };
		B4C5AE1A2AA7A01300711C9F /* NFGroup.swift in Sources */ = {isa = PBXBuildFile; fileRef = B47093D32A9F035A00D89804 /* NFGroup.swift */; };
		B4C5AE1B2AA7A02B00711C9F /* NFCDGroupItem+CoreDataClass.swift in Sources */ = {isa = PBXBuildFile; fileRef = B4F2E2532A9F49FF009A7892 /* NFCDGroupItem+CoreDataClass.swift */; };
		B4C5AE1C2AA7A02B00711C9F /* NFCDGroupItem+CoreDataProperties.swift in Sources */ = {isa = PBXBuildFile; fileRef = B4F2E2542A9F49FF009A7892 /* NFCDGroupItem+CoreDataProperties.swift */; };
		B4C5AE1D2AA7A02B00711C9F /* NFCDGroup+CoreDataClass.swift in Sources */ = {isa = PBXBuildFile; fileRef = B4F2E2552A9F49FF009A7892 /* NFCDGroup+CoreDataClass.swift */; };
		B4C5AE1E2AA7A02B00711C9F /* NFCDGroup+CoreDataProperties.swift in Sources */ = {isa = PBXBuildFile; fileRef = B4F2E2562A9F49FF009A7892 /* NFCDGroup+CoreDataProperties.swift */; };
		B4C5AE1F2AA7A02E00711C9F /* NotifyDB.xcdatamodeld in Sources */ = {isa = PBXBuildFile; fileRef = B47093E12A9F3CC600D89804 /* NotifyDB.xcdatamodeld */; };
		B4F2E2572A9F49FF009A7892 /* NFCDGroupItem+CoreDataClass.swift in Sources */ = {isa = PBXBuildFile; fileRef = B4F2E2532A9F49FF009A7892 /* NFCDGroupItem+CoreDataClass.swift */; };
		B4F2E2582A9F49FF009A7892 /* NFCDGroupItem+CoreDataProperties.swift in Sources */ = {isa = PBXBuildFile; fileRef = B4F2E2542A9F49FF009A7892 /* NFCDGroupItem+CoreDataProperties.swift */; };
		B4F2E2592A9F49FF009A7892 /* NFCDGroup+CoreDataClass.swift in Sources */ = {isa = PBXBuildFile; fileRef = B4F2E2552A9F49FF009A7892 /* NFCDGroup+CoreDataClass.swift */; };
		B4F2E25A2A9F49FF009A7892 /* NFCDGroup+CoreDataProperties.swift in Sources */ = {isa = PBXBuildFile; fileRef = B4F2E2562A9F49FF009A7892 /* NFCDGroup+CoreDataProperties.swift */; };
		B4F2E25C2A9F4C31009A7892 /* NFNotificationManager.swift in Sources */ = {isa = PBXBuildFile; fileRef = B4F2E25B2A9F4C31009A7892 /* NFNotificationManager.swift */; };
/* End PBXBuildFile section */

/* Begin PBXContainerItemProxy section */
		B4C5AE0D2AA79E4B00711C9F /* PBXContainerItemProxy */ = {
			isa = PBXContainerItemProxy;
			containerPortal = B47093AD2A9F014600D89804 /* Project object */;
			proxyType = 1;
			remoteGlobalIDString = B4C5AE042AA79E4B00711C9F;
			remoteInfo = RandomQuoteIntent;
		};
/* End PBXContainerItemProxy section */

/* Begin PBXCopyFilesBuildPhase section */
		B4C5AE132AA79E4B00711C9F /* Embed Foundation Extensions */ = {
			isa = PBXCopyFilesBuildPhase;
			buildActionMask = 2147483647;
			dstPath = "";
			dstSubfolderSpec = 13;
			files = (
				B4C5AE0F2AA79E4B00711C9F /* RandomQuoteIntent.appex in Embed Foundation Extensions */,
			);
			name = "Embed Foundation Extensions";
			runOnlyForDeploymentPostprocessing = 0;
		};
/* End PBXCopyFilesBuildPhase section */

/* Begin PBXFileReference section */
		B47093B52A9F014600D89804 /* Notify.app */ = {isa = PBXFileReference; explicitFileType = wrapper.application; includeInIndex = 0; path = Notify.app; sourceTree = BUILT_PRODUCTS_DIR; };
		B47093B82A9F014600D89804 /* AppDelegate.swift */ = {isa = PBXFileReference; lastKnownFileType = sourcecode.swift; path = AppDelegate.swift; sourceTree = "<group>"; };
		B47093BA2A9F014600D89804 /* SceneDelegate.swift */ = {isa = PBXFileReference; lastKnownFileType = sourcecode.swift; path = SceneDelegate.swift; sourceTree = "<group>"; };
		B47093BC2A9F014600D89804 /* NFGroupsViewController.swift */ = {isa = PBXFileReference; lastKnownFileType = sourcecode.swift; path = NFGroupsViewController.swift; sourceTree = "<group>"; };
		B47093C12A9F014700D89804 /* Assets.xcassets */ = {isa = PBXFileReference; lastKnownFileType = folder.assetcatalog; path = Assets.xcassets; sourceTree = "<group>"; };
		B47093C42A9F014700D89804 /* Base */ = {isa = PBXFileReference; lastKnownFileType = file.storyboard; name = Base; path = Base.lproj/LaunchScreen.storyboard; sourceTree = "<group>"; };
		B47093C62A9F014700D89804 /* Info.plist */ = {isa = PBXFileReference; lastKnownFileType = text.plist.xml; path = Info.plist; sourceTree = "<group>"; };
		B47093CC2A9F02EE00D89804 /* NFGroupDetailViewController.swift */ = {isa = PBXFileReference; lastKnownFileType = sourcecode.swift; path = NFGroupDetailViewController.swift; sourceTree = "<group>"; };
		B47093D32A9F035A00D89804 /* NFGroup.swift */ = {isa = PBXFileReference; lastKnownFileType = sourcecode.swift; path = NFGroup.swift; sourceTree = "<group>"; };
		B47093D72A9F086D00D89804 /* UIView+Extension.swift */ = {isa = PBXFileReference; lastKnownFileType = sourcecode.swift; path = "UIView+Extension.swift"; sourceTree = "<group>"; };
		B47093D92A9F09E600D89804 /* NFGroupDetailHeaderView.swift */ = {isa = PBXFileReference; lastKnownFileType = sourcecode.swift; path = NFGroupDetailHeaderView.swift; sourceTree = "<group>"; };
		B47093DB2A9F20FA00D89804 /* NFTextTableViewCell.swift */ = {isa = PBXFileReference; lastKnownFileType = sourcecode.swift; path = NFTextTableViewCell.swift; sourceTree = "<group>"; };
		B47093DD2A9F3C3300D89804 /* UITextView+Extension.swift */ = {isa = PBXFileReference; lastKnownFileType = sourcecode.swift; path = "UITextView+Extension.swift"; sourceTree = "<group>"; };
		B47093DF2A9F3C4100D89804 /* String+Extension.swift */ = {isa = PBXFileReference; lastKnownFileType = sourcecode.swift; path = "String+Extension.swift"; sourceTree = "<group>"; };
		B47093E22A9F3CC600D89804 /* NotifyDB.xcdatamodel */ = {isa = PBXFileReference; lastKnownFileType = wrapper.xcdatamodel; path = NotifyDB.xcdatamodel; sourceTree = "<group>"; };
		B47093E42A9F3F4000D89804 /* NFCoreDataService.swift */ = {isa = PBXFileReference; lastKnownFileType = sourcecode.swift; path = NFCoreDataService.swift; sourceTree = "<group>"; };
		B4990EA42AAF409D00FC8088 /* NFMessageViewController.swift */ = {isa = PBXFileReference; lastKnownFileType = sourcecode.swift; path = NFMessageViewController.swift; sourceTree = "<group>"; };
		B4C5AE002AA79DEB00711C9F /* Notify.entitlements */ = {isa = PBXFileReference; lastKnownFileType = text.plist.entitlements; path = Notify.entitlements; sourceTree = "<group>"; };
		B4C5AE052AA79E4B00711C9F /* RandomQuoteIntent.appex */ = {isa = PBXFileReference; explicitFileType = "wrapper.app-extension"; includeInIndex = 0; path = RandomQuoteIntent.appex; sourceTree = BUILT_PRODUCTS_DIR; };
		B4C5AE072AA79E4B00711C9F /* Intents.framework */ = {isa = PBXFileReference; lastKnownFileType = wrapper.framework; name = Intents.framework; path = System/Library/Frameworks/Intents.framework; sourceTree = SDKROOT; };
		B4C5AE0A2AA79E4B00711C9F /* IntentHandler.swift */ = {isa = PBXFileReference; lastKnownFileType = sourcecode.swift; path = IntentHandler.swift; sourceTree = "<group>"; };
		B4C5AE0C2AA79E4B00711C9F /* Info.plist */ = {isa = PBXFileReference; lastKnownFileType = text.plist.xml; path = Info.plist; sourceTree = "<group>"; };
		B4C5AE142AA79E5700711C9F /* Intents.intentdefinition */ = {isa = PBXFileReference; lastKnownFileType = file.intentdefinition; path = Intents.intentdefinition; sourceTree = "<group>"; };
		B4C5AE172AA79EC000711C9F /* RandomQuoteIntentHandler.swift */ = {isa = PBXFileReference; lastKnownFileType = sourcecode.swift; path = RandomQuoteIntentHandler.swift; sourceTree = "<group>"; };
		B4C5AE202AA7A42B00711C9F /* RandomQuoteIntent.entitlements */ = {isa = PBXFileReference; lastKnownFileType = text.plist.entitlements; path = RandomQuoteIntent.entitlements; sourceTree = "<group>"; };
		B4F2E2532A9F49FF009A7892 /* NFCDGroupItem+CoreDataClass.swift */ = {isa = PBXFileReference; lastKnownFileType = sourcecode.swift; path = "NFCDGroupItem+CoreDataClass.swift"; sourceTree = "<group>"; };
		B4F2E2542A9F49FF009A7892 /* NFCDGroupItem+CoreDataProperties.swift */ = {isa = PBXFileReference; lastKnownFileType = sourcecode.swift; path = "NFCDGroupItem+CoreDataProperties.swift"; sourceTree = "<group>"; };
		B4F2E2552A9F49FF009A7892 /* NFCDGroup+CoreDataClass.swift */ = {isa = PBXFileReference; lastKnownFileType = sourcecode.swift; path = "NFCDGroup+CoreDataClass.swift"; sourceTree = "<group>"; };
		B4F2E2562A9F49FF009A7892 /* NFCDGroup+CoreDataProperties.swift */ = {isa = PBXFileReference; lastKnownFileType = sourcecode.swift; path = "NFCDGroup+CoreDataProperties.swift"; sourceTree = "<group>"; };
		B4F2E25B2A9F4C31009A7892 /* NFNotificationManager.swift */ = {isa = PBXFileReference; lastKnownFileType = sourcecode.swift; path = NFNotificationManager.swift; sourceTree = "<group>"; };
/* End PBXFileReference section */

/* Begin PBXFrameworksBuildPhase section */
		B47093B22A9F014600D89804 /* Frameworks */ = {
			isa = PBXFrameworksBuildPhase;
			buildActionMask = 2147483647;
			files = (
				B438AD232A9F924500616CDB /* WhatsNew in Frameworks */,
			);
			runOnlyForDeploymentPostprocessing = 0;
		};
		B4C5AE022AA79E4B00711C9F /* Frameworks */ = {
			isa = PBXFrameworksBuildPhase;
			buildActionMask = 2147483647;
			files = (
				B4C5AE082AA79E4B00711C9F /* Intents.framework in Frameworks */,
			);
			runOnlyForDeploymentPostprocessing = 0;
		};
/* End PBXFrameworksBuildPhase section */

/* Begin PBXGroup section */
		B47093AC2A9F014600D89804 = {
			isa = PBXGroup;
			children = (
				B47093B72A9F014600D89804 /* Notify */,
				B4C5AE092AA79E4B00711C9F /* RandomQuoteIntent */,
				B4C5AE062AA79E4B00711C9F /* Frameworks */,
				B47093B62A9F014600D89804 /* Products */,
			);
			sourceTree = "<group>";
		};
		B47093B62A9F014600D89804 /* Products */ = {
			isa = PBXGroup;
			children = (
				B47093B52A9F014600D89804 /* Notify.app */,
				B4C5AE052AA79E4B00711C9F /* RandomQuoteIntent.appex */,
			);
			name = Products;
			sourceTree = "<group>";
		};
		B47093B72A9F014600D89804 /* Notify */ = {
			isa = PBXGroup;
			children = (
				B4C5AE002AA79DEB00711C9F /* Notify.entitlements */,
				B47093B82A9F014600D89804 /* AppDelegate.swift */,
				B47093BA2A9F014600D89804 /* SceneDelegate.swift */,
				B47093D52A9F085100D89804 /* Helpers */,
				B47093D12A9F032500D89804 /* Models */,
				B47093D22A9F032B00D89804 /* Views */,
				B47093D02A9F031D00D89804 /* Controllers */,
				B47093C12A9F014700D89804 /* Assets.xcassets */,
				B47093C32A9F014700D89804 /* LaunchScreen.storyboard */,
				B47093C62A9F014700D89804 /* Info.plist */,
			);
			path = Notify;
			sourceTree = "<group>";
		};
		B47093D02A9F031D00D89804 /* Controllers */ = {
			isa = PBXGroup;
			children = (
				B47093BC2A9F014600D89804 /* NFGroupsViewController.swift */,
				B47093CC2A9F02EE00D89804 /* NFGroupDetailViewController.swift */,
				B4990EA42AAF409D00FC8088 /* NFMessageViewController.swift */,
			);
			path = Controllers;
			sourceTree = "<group>";
		};
		B47093D12A9F032500D89804 /* Models */ = {
			isa = PBXGroup;
			children = (
				B4F2E2532A9F49FF009A7892 /* NFCDGroupItem+CoreDataClass.swift */,
				B4F2E2542A9F49FF009A7892 /* NFCDGroupItem+CoreDataProperties.swift */,
				B4F2E2552A9F49FF009A7892 /* NFCDGroup+CoreDataClass.swift */,
				B4F2E2562A9F49FF009A7892 /* NFCDGroup+CoreDataProperties.swift */,
				B47093D32A9F035A00D89804 /* NFGroup.swift */,
				B47093E12A9F3CC600D89804 /* NotifyDB.xcdatamodeld */,
			);
			path = Models;
			sourceTree = "<group>";
		};
		B47093D22A9F032B00D89804 /* Views */ = {
			isa = PBXGroup;
			children = (
				B47093D92A9F09E600D89804 /* NFGroupDetailHeaderView.swift */,
				B47093DB2A9F20FA00D89804 /* NFTextTableViewCell.swift */,
			);
			path = Views;
			sourceTree = "<group>";
		};
		B47093D52A9F085100D89804 /* Helpers */ = {
			isa = PBXGroup;
			children = (
				B47093D62A9F086500D89804 /* Extensions */,
				B47093E42A9F3F4000D89804 /* NFCoreDataService.swift */,
				B4F2E25B2A9F4C31009A7892 /* NFNotificationManager.swift */,
			);
			path = Helpers;
			sourceTree = "<group>";
		};
		B47093D62A9F086500D89804 /* Extensions */ = {
			isa = PBXGroup;
			children = (
				B47093D72A9F086D00D89804 /* UIView+Extension.swift */,
				B47093DD2A9F3C3300D89804 /* UITextView+Extension.swift */,
				B47093DF2A9F3C4100D89804 /* String+Extension.swift */,
			);
			path = Extensions;
			sourceTree = "<group>";
		};
		B4C5AE062AA79E4B00711C9F /* Frameworks */ = {
			isa = PBXGroup;
			children = (
				B4C5AE072AA79E4B00711C9F /* Intents.framework */,
			);
			name = Frameworks;
			sourceTree = "<group>";
		};
		B4C5AE092AA79E4B00711C9F /* RandomQuoteIntent */ = {
			isa = PBXGroup;
			children = (
				B4C5AE202AA7A42B00711C9F /* RandomQuoteIntent.entitlements */,
				B4C5AE0A2AA79E4B00711C9F /* IntentHandler.swift */,
				B4C5AE172AA79EC000711C9F /* RandomQuoteIntentHandler.swift */,
				B4C5AE142AA79E5700711C9F /* Intents.intentdefinition */,
				B4C5AE0C2AA79E4B00711C9F /* Info.plist */,
			);
			path = RandomQuoteIntent;
			sourceTree = "<group>";
		};
/* End PBXGroup section */

/* Begin PBXNativeTarget section */
		B47093B42A9F014600D89804 /* Notify */ = {
			isa = PBXNativeTarget;
			buildConfigurationList = B47093C92A9F014700D89804 /* Build configuration list for PBXNativeTarget "Notify" */;
			buildPhases = (
				B47093B12A9F014600D89804 /* Sources */,
				B47093B22A9F014600D89804 /* Frameworks */,
				B47093B32A9F014600D89804 /* Resources */,
				B4C5AE132AA79E4B00711C9F /* Embed Foundation Extensions */,
			);
			buildRules = (
			);
			dependencies = (
				B4C5AE0E2AA79E4B00711C9F /* PBXTargetDependency */,
			);
			name = Notify;
			packageProductDependencies = (
				B438AD222A9F924500616CDB /* WhatsNew */,
			);
			productName = Notify;
			productReference = B47093B52A9F014600D89804 /* Notify.app */;
			productType = "com.apple.product-type.application";
		};
		B4C5AE042AA79E4B00711C9F /* RandomQuoteIntent */ = {
			isa = PBXNativeTarget;
			buildConfigurationList = B4C5AE102AA79E4B00711C9F /* Build configuration list for PBXNativeTarget "RandomQuoteIntent" */;
			buildPhases = (
				B4C5AE012AA79E4B00711C9F /* Sources */,
				B4C5AE022AA79E4B00711C9F /* Frameworks */,
				B4C5AE032AA79E4B00711C9F /* Resources */,
			);
			buildRules = (
			);
			dependencies = (
			);
			name = RandomQuoteIntent;
			productName = RandomQuoteIntent;
			productReference = B4C5AE052AA79E4B00711C9F /* RandomQuoteIntent.appex */;
			productType = "com.apple.product-type.app-extension";
		};
/* End PBXNativeTarget section */

/* Begin PBXProject section */
		B47093AD2A9F014600D89804 /* Project object */ = {
			isa = PBXProject;
			attributes = {
				BuildIndependentTargetsInParallel = 1;
				LastSwiftUpdateCheck = 1430;
				LastUpgradeCheck = 1430;
				TargetAttributes = {
					B47093B42A9F014600D89804 = {
						CreatedOnToolsVersion = 14.3.1;
					};
					B4C5AE042AA79E4B00711C9F = {
						CreatedOnToolsVersion = 14.3.1;
					};
				};
			};
			buildConfigurationList = B47093B02A9F014600D89804 /* Build configuration list for PBXProject "Notify" */;
			compatibilityVersion = "Xcode 14.0";
			developmentRegion = en;
			hasScannedForEncodings = 0;
			knownRegions = (
				en,
				Base,
			);
			mainGroup = B47093AC2A9F014600D89804;
			packageReferences = (
				B438AD212A9F924500616CDB /* XCRemoteSwiftPackageReference "WhatsNew" */,
			);
			productRefGroup = B47093B62A9F014600D89804 /* Products */;
			projectDirPath = "";
			projectRoot = "";
			targets = (
				B47093B42A9F014600D89804 /* Notify */,
				B4C5AE042AA79E4B00711C9F /* RandomQuoteIntent */,
			);
		};
/* End PBXProject section */

/* Begin PBXResourcesBuildPhase section */
		B47093B32A9F014600D89804 /* Resources */ = {
			isa = PBXResourcesBuildPhase;
			buildActionMask = 2147483647;
			files = (
				B47093C52A9F014700D89804 /* LaunchScreen.storyboard in Resources */,
				B47093C22A9F014700D89804 /* Assets.xcassets in Resources */,
			);
			runOnlyForDeploymentPostprocessing = 0;
		};
		B4C5AE032AA79E4B00711C9F /* Resources */ = {
			isa = PBXResourcesBuildPhase;
			buildActionMask = 2147483647;
			files = (
			);
			runOnlyForDeploymentPostprocessing = 0;
		};
/* End PBXResourcesBuildPhase section */

/* Begin PBXSourcesBuildPhase section */
		B47093B12A9F014600D89804 /* Sources */ = {
			isa = PBXSourcesBuildPhase;
			buildActionMask = 2147483647;
			files = (
				B4F2E25A2A9F49FF009A7892 /* NFCDGroup+CoreDataProperties.swift in Sources */,
				B47093DA2A9F09E600D89804 /* NFGroupDetailHeaderView.swift in Sources */,
				B4F2E2582A9F49FF009A7892 /* NFCDGroupItem+CoreDataProperties.swift in Sources */,
				B47093E02A9F3C4100D89804 /* String+Extension.swift in Sources */,
				B4F2E2572A9F49FF009A7892 /* NFCDGroupItem+CoreDataClass.swift in Sources */,
				B47093E52A9F3F4000D89804 /* NFCoreDataService.swift in Sources */,
				B47093BD2A9F014600D89804 /* NFGroupsViewController.swift in Sources */,
				B4F2E25C2A9F4C31009A7892 /* NFNotificationManager.swift in Sources */,
				B47093D82A9F086D00D89804 /* UIView+Extension.swift in Sources */,
				B47093DE2A9F3C3300D89804 /* UITextView+Extension.swift in Sources */,
				B47093CD2A9F02EE00D89804 /* NFGroupDetailViewController.swift in Sources */,
				B4F2E2592A9F49FF009A7892 /* NFCDGroup+CoreDataClass.swift in Sources */,
				B4C5AE162AA79E5B00711C9F /* Intents.intentdefinition in Sources */,
				B47093B92A9F014600D89804 /* AppDelegate.swift in Sources */,
				B4990EA52AAF409D00FC8088 /* NFMessageViewController.swift in Sources */,
				B47093E32A9F3CC600D89804 /* NotifyDB.xcdatamodeld in Sources */,
				B47093DC2A9F20FA00D89804 /* NFTextTableViewCell.swift in Sources */,
				B47093BB2A9F014600D89804 /* SceneDelegate.swift in Sources */,
				B47093D42A9F035A00D89804 /* NFGroup.swift in Sources */,
			);
			runOnlyForDeploymentPostprocessing = 0;
		};
		B4C5AE012AA79E4B00711C9F /* Sources */ = {
			isa = PBXSourcesBuildPhase;
			buildActionMask = 2147483647;
			files = (
				B4C5AE182AA79EC000711C9F /* RandomQuoteIntentHandler.swift in Sources */,
				B4C5AE1C2AA7A02B00711C9F /* NFCDGroupItem+CoreDataProperties.swift in Sources */,
				B4C5AE1F2AA7A02E00711C9F /* NotifyDB.xcdatamodeld in Sources */,
				B4C5AE1B2AA7A02B00711C9F /* NFCDGroupItem+CoreDataClass.swift in Sources */,
				B4C5AE152AA79E5700711C9F /* Intents.intentdefinition in Sources */,
				B4C5AE1E2AA7A02B00711C9F /* NFCDGroup+CoreDataProperties.swift in Sources */,
				B4C5AE1D2AA7A02B00711C9F /* NFCDGroup+CoreDataClass.swift in Sources */,
				B4C5AE192AA7A00E00711C9F /* NFCoreDataService.swift in Sources */,
				B4C5AE1A2AA7A01300711C9F /* NFGroup.swift in Sources */,
				B4C5AE0B2AA79E4B00711C9F /* IntentHandler.swift in Sources */,
			);
			runOnlyForDeploymentPostprocessing = 0;
		};
/* End PBXSourcesBuildPhase section */

/* Begin PBXTargetDependency section */
		B4C5AE0E2AA79E4B00711C9F /* PBXTargetDependency */ = {
			isa = PBXTargetDependency;
			target = B4C5AE042AA79E4B00711C9F /* RandomQuoteIntent */;
			targetProxy = B4C5AE0D2AA79E4B00711C9F /* PBXContainerItemProxy */;
		};
/* End PBXTargetDependency section */

/* Begin PBXVariantGroup section */
		B47093C32A9F014700D89804 /* LaunchScreen.storyboard */ = {
			isa = PBXVariantGroup;
			children = (
				B47093C42A9F014700D89804 /* Base */,
			);
			name = LaunchScreen.storyboard;
			sourceTree = "<group>";
		};
/* End PBXVariantGroup section */

/* Begin XCBuildConfiguration section */
		B47093C72A9F014700D89804 /* Debug */ = {
			isa = XCBuildConfiguration;
			buildSettings = {
				ALWAYS_SEARCH_USER_PATHS = NO;
				CLANG_ANALYZER_NONNULL = YES;
				CLANG_ANALYZER_NUMBER_OBJECT_CONVERSION = YES_AGGRESSIVE;
				CLANG_CXX_LANGUAGE_STANDARD = "gnu++20";
				CLANG_ENABLE_MODULES = YES;
				CLANG_ENABLE_OBJC_ARC = YES;
				CLANG_ENABLE_OBJC_WEAK = YES;
				CLANG_WARN_BLOCK_CAPTURE_AUTORELEASING = YES;
				CLANG_WARN_BOOL_CONVERSION = YES;
				CLANG_WARN_COMMA = YES;
				CLANG_WARN_CONSTANT_CONVERSION = YES;
				CLANG_WARN_DEPRECATED_OBJC_IMPLEMENTATIONS = YES;
				CLANG_WARN_DIRECT_OBJC_ISA_USAGE = YES_ERROR;
				CLANG_WARN_DOCUMENTATION_COMMENTS = YES;
				CLANG_WARN_EMPTY_BODY = YES;
				CLANG_WARN_ENUM_CONVERSION = YES;
				CLANG_WARN_INFINITE_RECURSION = YES;
				CLANG_WARN_INT_CONVERSION = YES;
				CLANG_WARN_NON_LITERAL_NULL_CONVERSION = YES;
				CLANG_WARN_OBJC_IMPLICIT_RETAIN_SELF = YES;
				CLANG_WARN_OBJC_LITERAL_CONVERSION = YES;
				CLANG_WARN_OBJC_ROOT_CLASS = YES_ERROR;
				CLANG_WARN_QUOTED_INCLUDE_IN_FRAMEWORK_HEADER = YES;
				CLANG_WARN_RANGE_LOOP_ANALYSIS = YES;
				CLANG_WARN_STRICT_PROTOTYPES = YES;
				CLANG_WARN_SUSPICIOUS_MOVE = YES;
				CLANG_WARN_UNGUARDED_AVAILABILITY = YES_AGGRESSIVE;
				CLANG_WARN_UNREACHABLE_CODE = YES;
				CLANG_WARN__DUPLICATE_METHOD_MATCH = YES;
				COPY_PHASE_STRIP = NO;
				DEBUG_INFORMATION_FORMAT = dwarf;
				ENABLE_STRICT_OBJC_MSGSEND = YES;
				ENABLE_TESTABILITY = YES;
				GCC_C_LANGUAGE_STANDARD = gnu11;
				GCC_DYNAMIC_NO_PIC = NO;
				GCC_NO_COMMON_BLOCKS = YES;
				GCC_OPTIMIZATION_LEVEL = 0;
				GCC_PREPROCESSOR_DEFINITIONS = (
					"DEBUG=1",
					"$(inherited)",
				);
				GCC_WARN_64_TO_32_BIT_CONVERSION = YES;
				GCC_WARN_ABOUT_RETURN_TYPE = YES_ERROR;
				GCC_WARN_UNDECLARED_SELECTOR = YES;
				GCC_WARN_UNINITIALIZED_AUTOS = YES_AGGRESSIVE;
				GCC_WARN_UNUSED_FUNCTION = YES;
				GCC_WARN_UNUSED_VARIABLE = YES;
				IPHONEOS_DEPLOYMENT_TARGET = 16.4;
				MTL_ENABLE_DEBUG_INFO = INCLUDE_SOURCE;
				MTL_FAST_MATH = YES;
				ONLY_ACTIVE_ARCH = YES;
				SDKROOT = iphoneos;
				SWIFT_ACTIVE_COMPILATION_CONDITIONS = DEBUG;
				SWIFT_OPTIMIZATION_LEVEL = "-Onone";
			};
			name = Debug;
		};
		B47093C82A9F014700D89804 /* Release */ = {
			isa = XCBuildConfiguration;
			buildSettings = {
				ALWAYS_SEARCH_USER_PATHS = NO;
				CLANG_ANALYZER_NONNULL = YES;
				CLANG_ANALYZER_NUMBER_OBJECT_CONVERSION = YES_AGGRESSIVE;
				CLANG_CXX_LANGUAGE_STANDARD = "gnu++20";
				CLANG_ENABLE_MODULES = YES;
				CLANG_ENABLE_OBJC_ARC = YES;
				CLANG_ENABLE_OBJC_WEAK = YES;
				CLANG_WARN_BLOCK_CAPTURE_AUTORELEASING = YES;
				CLANG_WARN_BOOL_CONVERSION = YES;
				CLANG_WARN_COMMA = YES;
				CLANG_WARN_CONSTANT_CONVERSION = YES;
				CLANG_WARN_DEPRECATED_OBJC_IMPLEMENTATIONS = YES;
				CLANG_WARN_DIRECT_OBJC_ISA_USAGE = YES_ERROR;
				CLANG_WARN_DOCUMENTATION_COMMENTS = YES;
				CLANG_WARN_EMPTY_BODY = YES;
				CLANG_WARN_ENUM_CONVERSION = YES;
				CLANG_WARN_INFINITE_RECURSION = YES;
				CLANG_WARN_INT_CONVERSION = YES;
				CLANG_WARN_NON_LITERAL_NULL_CONVERSION = YES;
				CLANG_WARN_OBJC_IMPLICIT_RETAIN_SELF = YES;
				CLANG_WARN_OBJC_LITERAL_CONVERSION = YES;
				CLANG_WARN_OBJC_ROOT_CLASS = YES_ERROR;
				CLANG_WARN_QUOTED_INCLUDE_IN_FRAMEWORK_HEADER = YES;
				CLANG_WARN_RANGE_LOOP_ANALYSIS = YES;
				CLANG_WARN_STRICT_PROTOTYPES = YES;
				CLANG_WARN_SUSPICIOUS_MOVE = YES;
				CLANG_WARN_UNGUARDED_AVAILABILITY = YES_AGGRESSIVE;
				CLANG_WARN_UNREACHABLE_CODE = YES;
				CLANG_WARN__DUPLICATE_METHOD_MATCH = YES;
				COPY_PHASE_STRIP = NO;
				DEBUG_INFORMATION_FORMAT = "dwarf-with-dsym";
				ENABLE_NS_ASSERTIONS = NO;
				ENABLE_STRICT_OBJC_MSGSEND = YES;
				GCC_C_LANGUAGE_STANDARD = gnu11;
				GCC_NO_COMMON_BLOCKS = YES;
				GCC_WARN_64_TO_32_BIT_CONVERSION = YES;
				GCC_WARN_ABOUT_RETURN_TYPE = YES_ERROR;
				GCC_WARN_UNDECLARED_SELECTOR = YES;
				GCC_WARN_UNINITIALIZED_AUTOS = YES_AGGRESSIVE;
				GCC_WARN_UNUSED_FUNCTION = YES;
				GCC_WARN_UNUSED_VARIABLE = YES;
				IPHONEOS_DEPLOYMENT_TARGET = 16.4;
				MTL_ENABLE_DEBUG_INFO = NO;
				MTL_FAST_MATH = YES;
				SDKROOT = iphoneos;
				SWIFT_COMPILATION_MODE = wholemodule;
				SWIFT_OPTIMIZATION_LEVEL = "-O";
				VALIDATE_PRODUCT = YES;
			};
			name = Release;
		};
		B47093CA2A9F014700D89804 /* Debug */ = {
			isa = XCBuildConfiguration;
			buildSettings = {
				ALWAYS_EMBED_SWIFT_STANDARD_LIBRARIES = YES;
				ASSETCATALOG_COMPILER_APPICON_NAME = AppIcon;
				ASSETCATALOG_COMPILER_GLOBAL_ACCENT_COLOR_NAME = AccentColor;
				CODE_SIGN_ENTITLEMENTS = Notify/Notify.entitlements;
				CODE_SIGN_STYLE = Automatic;
				CURRENT_PROJECT_VERSION = 1;
				DEVELOPMENT_TEAM = 4YZDJM5F99;
				GENERATE_INFOPLIST_FILE = YES;
				INFOPLIST_FILE = Notify/Info.plist;
				INFOPLIST_KEY_CFBundleDisplayName = Notify;
				INFOPLIST_KEY_LSApplicationCategoryType = "public.app-category.productivity";
				INFOPLIST_KEY_NSRemindersUsageDescription = Hello;
				INFOPLIST_KEY_NSSiriUsageDescription = "";
				INFOPLIST_KEY_UIApplicationSupportsIndirectInputEvents = YES;
				INFOPLIST_KEY_UILaunchStoryboardName = LaunchScreen;
				INFOPLIST_KEY_UIStatusBarStyle = UIStatusBarStyleLightContent;
				INFOPLIST_KEY_UISupportedInterfaceOrientations = UIInterfaceOrientationPortrait;
				INFOPLIST_KEY_UISupportedInterfaceOrientations_iPad = "UIInterfaceOrientationLandscapeLeft UIInterfaceOrientationLandscapeRight UIInterfaceOrientationPortrait UIInterfaceOrientationPortraitUpsideDown";
				LD_RUNPATH_SEARCH_PATHS = (
					"$(inherited)",
					"@executable_path/Frameworks",
				);
				MARKETING_VERSION = 1.2;
				PRODUCT_BUNDLE_IDENTIFIER = "dev.unkn0wny3t-ios.notify";
				PRODUCT_NAME = "$(TARGET_NAME)";
				SUPPORTED_PLATFORMS = "iphoneos iphonesimulator";
				SUPPORTS_MACCATALYST = NO;
				SUPPORTS_MAC_DESIGNED_FOR_IPHONE_IPAD = NO;
				SWIFT_EMIT_LOC_STRINGS = YES;
				SWIFT_VERSION = 5.0;
				TARGETED_DEVICE_FAMILY = 1;
			};
			name = Debug;
		};
		B47093CB2A9F014700D89804 /* Release */ = {
			isa = XCBuildConfiguration;
			buildSettings = {
				ALWAYS_EMBED_SWIFT_STANDARD_LIBRARIES = YES;
				ASSETCATALOG_COMPILER_APPICON_NAME = AppIcon;
				ASSETCATALOG_COMPILER_GLOBAL_ACCENT_COLOR_NAME = AccentColor;
				CODE_SIGN_ENTITLEMENTS = Notify/Notify.entitlements;
				CODE_SIGN_STYLE = Automatic;
				CURRENT_PROJECT_VERSION = 1;
				DEVELOPMENT_TEAM = 4YZDJM5F99;
				GENERATE_INFOPLIST_FILE = YES;
				INFOPLIST_FILE = Notify/Info.plist;
				INFOPLIST_KEY_CFBundleDisplayName = Notify;
				INFOPLIST_KEY_LSApplicationCategoryType = "public.app-category.productivity";
				INFOPLIST_KEY_NSRemindersUsageDescription = Hello;
				INFOPLIST_KEY_NSSiriUsageDescription = "";
				INFOPLIST_KEY_UIApplicationSupportsIndirectInputEvents = YES;
				INFOPLIST_KEY_UILaunchStoryboardName = LaunchScreen;
				INFOPLIST_KEY_UIStatusBarStyle = UIStatusBarStyleLightContent;
				INFOPLIST_KEY_UISupportedInterfaceOrientations = UIInterfaceOrientationPortrait;
				INFOPLIST_KEY_UISupportedInterfaceOrientations_iPad = "UIInterfaceOrientationLandscapeLeft UIInterfaceOrientationLandscapeRight UIInterfaceOrientationPortrait UIInterfaceOrientationPortraitUpsideDown";
				LD_RUNPATH_SEARCH_PATHS = (
					"$(inherited)",
					"@executable_path/Frameworks",
				);
				MARKETING_VERSION = 1.2;
				PRODUCT_BUNDLE_IDENTIFIER = "dev.unkn0wny3t-ios.notify";
				PRODUCT_NAME = "$(TARGET_NAME)";
				SUPPORTED_PLATFORMS = "iphoneos iphonesimulator";
				SUPPORTS_MACCATALYST = NO;
				SUPPORTS_MAC_DESIGNED_FOR_IPHONE_IPAD = NO;
				SWIFT_EMIT_LOC_STRINGS = YES;
				SWIFT_VERSION = 5.0;
				TARGETED_DEVICE_FAMILY = 1;
			};
			name = Release;
		};
		B4C5AE112AA79E4B00711C9F /* Debug */ = {
			isa = XCBuildConfiguration;
			buildSettings = {
				CODE_SIGN_ENTITLEMENTS = RandomQuoteIntent/RandomQuoteIntent.entitlements;
				CODE_SIGN_STYLE = Automatic;
				CURRENT_PROJECT_VERSION = 1;
				DEVELOPMENT_TEAM = 4YZDJM5F99;
				GENERATE_INFOPLIST_FILE = YES;
				INFOPLIST_FILE = RandomQuoteIntent/Info.plist;
				INFOPLIST_KEY_CFBundleDisplayName = RandomQuoteIntent;
				INFOPLIST_KEY_NSHumanReadableCopyright = "";
				LD_RUNPATH_SEARCH_PATHS = (
					"$(inherited)",
					"@executable_path/Frameworks",
					"@executable_path/../../Frameworks",
				);
				MARKETING_VERSION = 1.1;
				PRODUCT_BUNDLE_IDENTIFIER = "dev.unkn0wny3t-ios.notify.RandomQuoteIntent";
				PRODUCT_NAME = "$(TARGET_NAME)";
				SKIP_INSTALL = YES;
				SWIFT_EMIT_LOC_STRINGS = YES;
				SWIFT_VERSION = 5.0;
				TARGETED_DEVICE_FAMILY = "1,2";
			};
			name = Debug;
		};
		B4C5AE122AA79E4B00711C9F /* Release */ = {
			isa = XCBuildConfiguration;
			buildSettings = {
				CODE_SIGN_ENTITLEMENTS = RandomQuoteIntent/RandomQuoteIntent.entitlements;
				CODE_SIGN_STYLE = Automatic;
				CURRENT_PROJECT_VERSION = 1;
				DEVELOPMENT_TEAM = 4YZDJM5F99;
				GENERATE_INFOPLIST_FILE = YES;
				INFOPLIST_FILE = RandomQuoteIntent/Info.plist;
				INFOPLIST_KEY_CFBundleDisplayName = RandomQuoteIntent;
				INFOPLIST_KEY_NSHumanReadableCopyright = "";
				LD_RUNPATH_SEARCH_PATHS = (
					"$(inherited)",
					"@executable_path/Frameworks",
					"@executable_path/../../Frameworks",
				);
				MARKETING_VERSION = 1.1;
				PRODUCT_BUNDLE_IDENTIFIER = "dev.unkn0wny3t-ios.notify.RandomQuoteIntent";
				PRODUCT_NAME = "$(TARGET_NAME)";
				SKIP_INSTALL = YES;
				SWIFT_EMIT_LOC_STRINGS = YES;
				SWIFT_VERSION = 5.0;
				TARGETED_DEVICE_FAMILY = "1,2";
			};
			name = Release;
		};
/* End XCBuildConfiguration section */

/* Begin XCConfigurationList section */
		B47093B02A9F014600D89804 /* Build configuration list for PBXProject "Notify" */ = {
			isa = XCConfigurationList;
			buildConfigurations = (
				B47093C72A9F014700D89804 /* Debug */,
				B47093C82A9F014700D89804 /* Release */,
			);
			defaultConfigurationIsVisible = 0;
			defaultConfigurationName = Release;
		};
		B47093C92A9F014700D89804 /* Build configuration list for PBXNativeTarget "Notify" */ = {
			isa = XCConfigurationList;
			buildConfigurations = (
				B47093CA2A9F014700D89804 /* Debug */,
				B47093CB2A9F014700D89804 /* Release */,
			);
			defaultConfigurationIsVisible = 0;
			defaultConfigurationName = Release;
		};
		B4C5AE102AA79E4B00711C9F /* Build configuration list for PBXNativeTarget "RandomQuoteIntent" */ = {
			isa = XCConfigurationList;
			buildConfigurations = (
				B4C5AE112AA79E4B00711C9F /* Debug */,
				B4C5AE122AA79E4B00711C9F /* Release */,
			);
			defaultConfigurationIsVisible = 0;
			defaultConfigurationName = Release;
		};
/* End XCConfigurationList section */

/* Begin XCRemoteSwiftPackageReference section */
		B438AD212A9F924500616CDB /* XCRemoteSwiftPackageReference "WhatsNew" */ = {
			isa = XCRemoteSwiftPackageReference;
			repositoryURL = "https://github.com/nishanttaneja/WhatsNew";
			requirement = {
				branch = main;
				kind = branch;
			};
		};
/* End XCRemoteSwiftPackageReference section */

/* Begin XCSwiftPackageProductDependency section */
		B438AD222A9F924500616CDB /* WhatsNew */ = {
			isa = XCSwiftPackageProductDependency;
			package = B438AD212A9F924500616CDB /* XCRemoteSwiftPackageReference "WhatsNew" */;
			productName = WhatsNew;
		};
/* End XCSwiftPackageProductDependency section */

/* Begin XCVersionGroup section */
		B47093E12A9F3CC600D89804 /* NotifyDB.xcdatamodeld */ = {
			isa = XCVersionGroup;
			children = (
				B47093E22A9F3CC600D89804 /* NotifyDB.xcdatamodel */,
			);
			currentVersion = B47093E22A9F3CC600D89804 /* NotifyDB.xcdatamodel */;
			path = NotifyDB.xcdatamodeld;
			sourceTree = "<group>";
			versionGroupType = wrapper.xcdatamodel;
		};
/* End XCVersionGroup section */
	};
	rootObject = B47093AD2A9F014600D89804 /* Project object */;
}
